
Microsoft Visual Studio Solution File, Format Version 12.00
# Visual Studio 14
VisualStudioVersion = 14.0.24720.0
MinimumVisualStudioVersion = 10.0.40219.1
Project("{FAE04EC0-301F-11D3-BF4B-00C04F79EFBC}") = "MicroservicesDemo.ServiceA", "src\MicroservicesDemo.ServiceA\MicroservicesDemo.ServiceA.csproj", "{60406384-9BB9-44E3-B7E0-F23BEEA78D57}"
EndProject
Global
	GlobalSection(SolutionConfigurationPlatforms) = preSolution
		Debug|Any CPU = Debug|Any CPU
		Release|Any CPU = Release|Any CPU
	EndGlobalSection
	GlobalSection(ProjectConfigurationPlatforms) = postSolution
		{60406384-9BB9-44E3-B7E0-F23BEEA78D57}.Debug|Any CPU.ActiveCfg = Debug|Any CPU
		{60406384-9BB9-44E3-B7E0-F23BEEA78D57}.Debug|Any CPU.Build.0 = Debug|Any CPU
		{60406384-9BB9-44E3-B7E0-F23BEEA78D57}.Release|Any CPU.ActiveCfg = Release|Any CPU
		{60406384-9BB9-44E3-B7E0-F23BEEA78D57}.Release|Any CPU.Build.0 = Release|Any CPU
		{92E8A333-795D-42A2-B0FB-550A5D76553F}.Debug|Any CPU.ActiveCfg = Debug|Any CPU
		{92E8A333-795D-42A2-B0FB-550A5D76553F}.Debug|Any CPU.Build.0 = Debug|Any CPU
		{92E8A333-795D-42A2-B0FB-550A5D76553F}.Release|Any CPU.ActiveCfg = Release|Any CPU
		{92E8A333-795D-42A2-B0FB-550A5D76553F}.Release|Any CPU.Build.0 = Release|Any CPU
	EndGlobalSection
	GlobalSection(SolutionProperties) = preSolution
		HideSolutionNode = FALSE
	EndGlobalSection
EndGlobal
